version = 1
revision = 3
requires-python = ">=3.14"

[[package]]
name = "attrs"
version = "26.1.0"
source = { registry = "https://pypi.org/simple" }
sdist = { url = "https://files.pythonhosted.org/packages/9a/8e/82a0fe20a541c03148528be8cac2408564a6c9a0cc7e9171802bc1d26985/attrs-26.1.0.tar.gz", hash = "sha256:d03ceb89cb322a8fd706d4fb91940737b6642aa36998fe130a9bc96c985eff32", size = 952055, upload-time = "2026-03-19T14:22:25.026Z" }
wheels = [
    { url = "https://files.pythonhosted.org/packages/64/b4/17d4b0b2a2dc85a6df63d1157e028ed19f90d4cd97c36717afef2bc2f395/attrs-26.1.0-py3-none-any.whl", hash = "sha256:c647aa4a12dfbad9333ca4e71fe62ddc36f4e63b2d260a37a8b83d2f043ac309", size = 67548, upload-time = "2026-03-19T14:22:23.645Z" },
]

[[package]]
name = "black"
version = "26.3.1"
source = { registry = "https://pypi.org/simple" }
dependencies = [
    { name = "click" },
    { name = "mypy-extensions" },
    { name = "packaging" },
    { name = "pathspec" },
    { name = "platformdirs" },
    { name = "pytokens" },
]
sdist = { url = "https://files.pythonhosted.org/packages/e1/c5/61175d618685d42b005847464b8fb4743a67b1b8fdb75e50e5a96c31a27a/black-26.3.1.tar.gz", hash = "sha256:2c50f5063a9641c7eed7795014ba37b0f5fa227f3d408b968936e24bc0566b07", size = 666155, upload-time = "2026-03-12T03:36:03.593Z" }
wheels = [
    { url = "https://files.pythonhosted.org/packages/d5/da/e36e27c9cebc1311b7579210df6f1c86e50f2d7143ae4fcf8a5017dc8809/black-26.3.1-cp314-cp314-macosx_10_15_x86_64.whl", hash = "sha256:2d6bfaf7fd0993b420bed691f20f9492d53ce9a2bcccea4b797d34e947318a78", size = 1889234, upload-time = "2026-03-12T03:40:30.964Z" },
    { url = "https://files.pythonhosted.org/packages/0e/7b/9871acf393f64a5fa33668c19350ca87177b181f44bb3d0c33b2d534f22c/black-26.3.1-cp314-cp314-macosx_11_0_arm64.whl", hash = "sha256:f89f2ab047c76a9c03f78d0d66ca519e389519902fa27e7a91117ef7611c0568", size = 1720522, upload-time = "2026-03-12T03:40:32.346Z" },
    { url = "https://files.pythonhosted.org/packages/03/87/e766c7f2e90c07fb7586cc787c9ae6462b1eedab390191f2b7fc7f6170a9/black-26.3.1-cp314-cp314-manylinux2014_x86_64.manylinux_2_17_x86_64.manylinux_2_28_x86_64.whl", hash = "sha256:b07fc0dab849d24a80a29cfab8d8a19187d1c4685d8a5e6385a5ce323c1f015f", size = 1787824, upload-time = "2026-03-12T03:40:33.636Z" },
    { url = "https://files.pythonhosted.org/packages/ac/94/2424338fb2d1875e9e83eed4c8e9c67f6905ec25afd826a911aea2b02535/black-26.3.1-cp314-cp314-win_amd64.whl", hash = "sha256:0126ae5b7c09957da2bdbd91a9ba1207453feada9e9fe51992848658c6c8e01c", size = 1445855, upload-time = "2026-03-12T03:40:35.442Z" },
    { url = "https://files.pythonhosted.org/packages/86/43/0c3338bd928afb8ee7471f1a4eec3bdbe2245ccb4a646092a222e8669840/black-26.3.1-cp314-cp314-win_arm64.whl", hash = "sha256:92c0ec1f2cc149551a2b7b47efc32c866406b6891b0ee4625e95967c8f4acfb1", size = 1258109, upload-time = "2026-03-12T03:40:36.832Z" },
    { url = "https://files.pythonhosted.org/packages/8e/0d/52d98722666d6fc6c3dd4c76df339501d6efd40e0ff95e6186a7b7f0befd/black-26.3.1-py3-none-any.whl", hash = "sha256:2bd5aa94fc267d38bb21a70d7410a89f1a1d318841855f698746f8e7f51acd1b", size = 207542, upload-time = "2026-03-12T03:36:01.668Z" },
]

[[package]]
name = "cattrs"
version = "26.1.0"
source = { registry = "https://pypi.org/simple" }
dependencies = [
    { name = "attrs" },
    { name = "typing-extensions" },
]
sdist = { url = "https://files.pythonhosted.org/packages/a0/ec/ba18945e7d6e55a58364d9fb2e46049c1c2998b3d805f19b703f14e81057/cattrs-26.1.0.tar.gz", hash = "sha256:fa239e0f0ec0715ba34852ce813986dfed1e12117e209b816ab87401271cdd40", size = 495672, upload-time = "2026-02-18T22:15:19.406Z" }
wheels = [
    { url = "https://files.pythonhosted.org/packages/80/56/60547f7801b97c67e97491dc3d9ade9fbccbd0325058fd3dfcb2f5d98d90/cattrs-26.1.0-py3-none-any.whl", hash = "sha256:d1e0804c42639494d469d08d4f26d6b9de9b8ab26b446db7b5f8c2e97f7c3096", size = 73054, upload-time = "2026-02-18T22:15:17.958Z" },
]

[[package]]
name = "click"
version = "8.3.1"
source = { registry = "https://pypi.org/simple" }
dependencies = [
    { name = "colorama", marker = "sys_platform == 'win32'" },
]
sdist = { url = "https://files.pythonhosted.org/packages/3d/fa/656b739db8587d7b5dfa22e22ed02566950fbfbcdc20311993483657a5c0/click-8.3.1.tar.gz", hash = "sha256:12ff4785d337a1bb490bb7e9c2b1ee5da3112e94a8622f26a6c77f5d2fc6842a", size = 295065, upload-time = "2025-11-15T20:45:42.706Z" }
wheels = [
    { url = "https://files.pythonhosted.org/packages/98/78/01c019cdb5d6498122777c1a43056ebb3ebfeef2076d9d026bfe15583b2b/click-8.3.1-py3-none-any.whl", hash = "sha256:981153a64e25f12d547d3426c367a4857371575ee7ad18df2a6183ab0545b2a6", size = 108274, upload-time = "2025-11-15T20:45:41.139Z" },
]

[[package]]
name = "colorama"
version = "0.4.6"
source = { registry = "https://pypi.org/simple" }
sdist = { url = "https://files.pythonhosted.org/packages/d8/53/6f443c9a4a8358a93a6792e2acffb9d9d5cb0a5cfd8802644b7b1c9a02e4/colorama-0.4.6.tar.gz", hash = "sha256:08695f5cb7ed6e0531a20572697297273c47b8cae5a63ffc6d6ed5c201be6e44", size = 27697, upload-time = "2022-10-25T02:36:22.414Z" }
wheels = [
    { url = "https://files.pythonhosted.org/packages/d1/d6/3965ed04c63042e047cb6a3e6ed1a63a35087b6a609aa3a15ed8ac56c221/colorama-0.4.6-py2.py3-none-any.whl", hash = "sha256:4f1d9991f5acc0ca119f9d443620b77f9d6b33703e51011c16baf57afb285fc6", size = 25335, upload-time = "2022-10-25T02:36:20.889Z" },
]

[[package]]
name = "docstring-to-markdown"
version = "0.17"
source = { registry = "https://pypi.org/simple" }
dependencies = [
    { name = "importlib-metadata" },
    { name = "typing-extensions" },
]
sdist = { url = "https://files.pythonhosted.org/packages/52/d8/8abe80d62c5dce1075578031bcfde07e735bcf0afe2886dd48b470162ab4/docstring_to_markdown-0.17.tar.gz", hash = "sha256:df72a112294c7492487c9da2451cae0faeee06e86008245c188c5761c9590ca3", size = 32260, upload-time = "2025-05-02T15:09:07.932Z" }
wheels = [
    { url = "https://files.pythonhosted.org/packages/56/7b/af3d0da15bed3a8665419bb3a630585756920f4ad67abfdfef26240ebcc0/docstring_to_markdown-0.17-py3-none-any.whl", hash = "sha256:fd7d5094aa83943bf5f9e1a13701866b7c452eac19765380dead666e36d3711c", size = 23479, upload-time = "2025-05-02T15:09:06.676Z" },
]

[[package]]
name = "grokking-algorithms-second-edition-python"
version = "0.1.0"
source = { editable = "." }

[package.dev-dependencies]
dev = [
    { name = "jedi-language-server" },
    { name = "pytest" },
    { name = "python-lsp-server" },
    { name = "ruff" },
    { name = "ty" },
]

[package.metadata]

[package.metadata.requires-dev]
dev = [
    { name = "jedi-language-server", specifier = ">=0.46.0" },
    { name = "pytest", specifier = ">=9.0.2" },
    { name = "python-lsp-server", specifier = ">=1.14.0" },
    { name = "ruff", specifier = ">=0.15.7" },
    { name = "ty", specifier = ">=0.0.24" },
]

[[package]]
name = "importlib-metadata"
version = "9.0.0"
source = { registry = "https://pypi.org/simple" }
dependencies = [
    { name = "zipp" },
]
sdist = { url = "https://files.pythonhosted.org/packages/a9/01/15bb152d77b21318514a96f43af312635eb2500c96b55398d020c93d86ea/importlib_metadata-9.0.0.tar.gz", hash = "sha256:a4f57ab599e6a2e3016d7595cfd72eb4661a5106e787a95bcc90c7105b831efc", size = 56405, upload-time = "2026-03-20T06:42:56.999Z" }
wheels = [
    { url = "https://files.pythonhosted.org/packages/38/3d/2d244233ac4f76e38533cfcb2991c9eb4c7bf688ae0a036d30725b8faafe/importlib_metadata-9.0.0-py3-none-any.whl", hash = "sha256:2d21d1cc5a017bd0559e36150c21c830ab1dc304dedd1b7ea85d20f45ef3edd7", size = 27789, upload-time = "2026-03-20T06:42:55.665Z" },
]

[[package]]
name = "iniconfig"
version = "2.3.0"
source = { registry = "https://pypi.org/simple" }
sdist = { url = "https://files.pythonhosted.org/packages/72/34/14ca021ce8e5dfedc35312d08ba8bf51fdd999c576889fc2c24cb97f4f10/iniconfig-2.3.0.tar.gz", hash = "sha256:c76315c77db068650d49c5b56314774a7804df16fee4402c1f19d6d15d8c4730", size = 20503, upload-time = "2025-10-18T21:55:43.219Z" }
wheels = [
    { url = "https://files.pythonhosted.org/packages/cb/b1/3846dd7f199d53cb17f49cba7e651e9ce294d8497c8c150530ed11865bb8/iniconfig-2.3.0-py3-none-any.whl", hash = "sha256:f631c04d2c48c52b84d0d0549c99ff3859c98df65b3101406327ecc7d53fbf12", size = 7484, upload-time = "2025-10-18T21:55:41.639Z" },
]

[[package]]
name = "jedi"
version = "0.19.2"
source = { registry = "https://pypi.org/simple" }
dependencies = [
    { name = "parso" },
]
sdist = { url = "https://files.pythonhosted.org/packages/72/3a/79a912fbd4d8dd6fbb02bf69afd3bb72cf0c729bb3063c6f4498603db17a/jedi-0.19.2.tar.gz", hash = "sha256:4770dc3de41bde3966b02eb84fbcf557fb33cce26ad23da12c742fb50ecb11f0", size = 1231287, upload-time = "2024-11-11T01:41:42.873Z" }
wheels = [
    { url = "https://files.pythonhosted.org/packages/c0/5a/9cac0c82afec3d09ccd97c8b6502d48f165f9124db81b4bcb90b4af974ee/jedi-0.19.2-py2.py3-none-any.whl", hash = "sha256:a8ef22bde8490f57fe5c7681a3c83cb58874daf72b4784de3cce5b6ef6edb5b9", size = 1572278, upload-time = "2024-11-11T01:41:40.175Z" },
]

[[package]]
name = "jedi-language-server"
version = "0.46.0"
source = { registry = "https://pypi.org/simple" }
dependencies = [
    { name = "cattrs" },
    { name = "docstring-to-markdown" },
    { name = "jedi" },
    { name = "lsprotocol" },
    { name = "pygls" },
]
sdist = { url = "https://files.pythonhosted.org/packages/6e/63/2ae4466db0d5f723bb141990487a46f1add8f6449995172c7d45e6d37c66/jedi_language_server-0.46.0.tar.gz", hash = "sha256:b9ee7cce6cb2bd6fce11115906db41549d7e97b358e0818a23dca164ed0b961a", size = 34602, upload-time = "2025-10-25T20:45:40.647Z" }
wheels = [
    { url = "https://files.pythonhosted.org/packages/a0/06/c29fe15b67db3170e057376386a7643228b6bcea35df68e884475d8a7897/jedi_language_server-0.46.0-py3-none-any.whl", hash = "sha256:c8003c33a36de9998ac1c6e13ebe3d99b11d06046ae6307d75f54c73e9358ea7", size = 33769, upload-time = "2025-10-25T20:45:39.411Z" },
]

[[package]]
name = "lsprotocol"
version = "2025.0.0"
source = { registry = "https://pypi.org/simple" }
dependencies = [
    { name = "attrs" },
    { name = "cattrs" },
]
sdist = { url = "https://files.pythonhosted.org/packages/e9/26/67b84e6ec1402f0e6764ef3d2a0aaf9a79522cc1d37738f4e5bb0b21521a/lsprotocol-2025.0.0.tar.gz", hash = "sha256:e879da2b9301e82cfc3e60d805630487ac2f7ab17492f4f5ba5aaba94fe56c29", size = 74896, upload-time = "2025-06-17T21:30:18.156Z" }
wheels = [
    { url = "https://files.pythonhosted.org/packages/7b/f0/92f2d609d6642b5f30cb50a885d2bf1483301c69d5786286500d15651ef2/lsprotocol-2025.0.0-py3-none-any.whl", hash = "sha256:f9d78f25221f2a60eaa4a96d3b4ffae011b107537facee61d3da3313880995c7", size = 76250, upload-time = "2025-06-17T21:30:19.455Z" },
]

[[package]]
name = "mypy-extensions"
version = "1.1.0"
source = { registry = "https://pypi.org/simple" }
sdist = { url = "https://files.pythonhosted.org/packages/a2/6e/371856a3fb9d31ca8dac321cda606860fa4548858c0cc45d9d1d4ca2628b/mypy_extensions-1.1.0.tar.gz", hash = "sha256:52e68efc3284861e772bbcd66823fde5ae21fd2fdb51c62a211403730b916558", size = 6343, upload-time = "2025-04-22T14:54:24.164Z" }
wheels = [
    { url = "https://files.pythonhosted.org/packages/79/7b/2c79738432f5c924bef5071f933bcc9efd0473bac3b4aa584a6f7c1c8df8/mypy_extensions-1.1.0-py3-none-any.whl", hash = "sha256:1be4cccdb0f2482337c4743e60421de3a356cd97508abadd57d47403e94f5505", size = 4963, upload-time = "2025-04-22T14:54:22.983Z" },
]

[[package]]
name = "packaging"
version = "26.0"
source = { registry = "https://pypi.org/simple" }
sdist = { url = "https://files.pythonhosted.org/packages/65/ee/299d360cdc32edc7d2cf530f3accf79c4fca01e96ffc950d8a52213bd8e4/packaging-26.0.tar.gz", hash = "sha256:00243ae351a257117b6a241061796684b084ed1c516a08c48a3f7e147a9d80b4", size = 143416, upload-time = "2026-01-21T20:50:39.064Z" }
wheels = [
    { url = "https://files.pythonhosted.org/packages/b7/b9/c538f279a4e237a006a2c98387d081e9eb060d203d8ed34467cc0f0b9b53/packaging-26.0-py3-none-any.whl", hash = "sha256:b36f1fef9334a5588b4166f8bcd26a14e521f2b55e6b9de3aaa80d3ff7a37529", size = 74366, upload-time = "2026-01-21T20:50:37.788Z" },
]

[[package]]
name = "parso"
version = "0.8.6"
source = { registry = "https://pypi.org/simple" }
sdist = { url = "https://files.pythonhosted.org/packages/81/76/a1e769043c0c0c9fe391b702539d594731a4362334cdf4dc25d0c09761e7/parso-0.8.6.tar.gz", hash = "sha256:2b9a0332696df97d454fa67b81618fd69c35a7b90327cbe6ba5c92d2c68a7bfd", size = 401621, upload-time = "2026-02-09T15:45:24.425Z" }
wheels = [
    { url = "https://files.pythonhosted.org/packages/b6/61/fae042894f4296ec49e3f193aff5d7c18440da9e48102c3315e1bc4519a7/parso-0.8.6-py2.py3-none-any.whl", hash = "sha256:2c549f800b70a5c4952197248825584cb00f033b29c692671d3bf08bf380baff", size = 106894, upload-time = "2026-02-09T15:45:21.391Z" },
]

[[package]]
name = "pathspec"
version = "1.0.4"
source = { registry = "https://pypi.org/simple" }
sdist = { url = "https://files.pythonhosted.org/packages/fa/36/e27608899f9b8d4dff0617b2d9ab17ca5608956ca44461ac14ac48b44015/pathspec-1.0.4.tar.gz", hash = "sha256:0210e2ae8a21a9137c0d470578cb0e595af87edaa6ebf12ff176f14a02e0e645", size = 131200, upload-time = "2026-01-27T03:59:46.938Z" }
wheels = [
    { url = "https://files.pythonhosted.org/packages/ef/3c/2c197d226f9ea224a9ab8d197933f9da0ae0aac5b6e0f884e2b8d9c8e9f7/pathspec-1.0.4-py3-none-any.whl", hash = "sha256:fb6ae2fd4e7c921a165808a552060e722767cfa526f99ca5156ed2ce45a5c723", size = 55206, upload-time = "2026-01-27T03:59:45.137Z" },
]

[[package]]
name = "platformdirs"
version = "4.9.4"
source = { registry = "https://pypi.org/simple" }
sdist = { url = "https://files.pythonhosted.org/packages/19/56/8d4c30c8a1d07013911a8fdbd8f89440ef9f08d07a1b50ab8ca8be5a20f9/platformdirs-4.9.4.tar.gz", hash = "sha256:1ec356301b7dc906d83f371c8f487070e99d3ccf9e501686456394622a01a934", size = 28737, upload-time = "2026-03-05T18:34:13.271Z" }
wheels = [
    { url = "https://files.pythonhosted.org/packages/63/d7/97f7e3a6abb67d8080dd406fd4df842c2be0efaf712d1c899c32a075027c/platformdirs-4.9.4-py3-none-any.whl", hash = "sha256:68a9a4619a666ea6439f2ff250c12a853cd1cbd5158d258bd824a7df6be2f868", size = 21216, upload-time = "2026-03-05T18:34:12.172Z" },
]

[[package]]
name = "pluggy"
version = "1.6.0"
source = { registry = "https://pypi.org/simple" }
sdist = { url = "https://files.pythonhosted.org/packages/f9/e2/3e91f31a7d2b083fe6ef3fa267035b518369d9511ffab804f839851d2779/pluggy-1.6.0.tar.gz", hash = "sha256:7dcc130b76258d33b90f61b658791dede3486c3e6bfb003ee5c9bfb396dd22f3", size = 69412, upload-time = "2025-05-15T12:30:07.975Z" }
wheels = [
    { url = "https://files.pythonhosted.org/packages/54/20/4d324d65cc6d9205fabedc306948156824eb9f0ee1633355a8f7ec5c66bf/pluggy-1.6.0-py3-none-any.whl", hash = "sha256:e920276dd6813095e9377c0bc5566d94c932c33b27a3e3945d8389c374dd4746", size = 20538, upload-time = "2025-05-15T12:30:06.134Z" },
]

[[package]]
name = "pygls"
version = "2.1.0"
source = { registry = "https://pypi.org/simple" }
dependencies = [
    { name = "attrs" },
    { name = "cattrs" },
    { name = "lsprotocol" },
]
sdist = { url = "https://files.pythonhosted.org/packages/39/06/de0a8db764391f1b3ab8ba4eaa6d1fe923151a1999350c15b987b46a3718/pygls-2.1.0.tar.gz", hash = "sha256:3f2247717deeda9174d9c2f76130ff4d3e0e0788a5be47212df248d163453aac", size = 54852, upload-time = "2026-03-19T09:16:56.853Z" }
wheels = [
    { url = "https://files.pythonhosted.org/packages/be/1b/523fa1d7a9ed16d41dc1a33533def97712eb3aff660d2f124033db019461/pygls-2.1.0-py3-none-any.whl", hash = "sha256:cfa8443561488cb15b59f6ce64cabfa37d79753f7120c1bf729419246bf747f9", size = 68719, upload-time = "2026-03-19T09:16:57.961Z" },
]

[[package]]
name = "pygments"
version = "2.19.2"
source = { registry = "https://pypi.org/simple" }
sdist = { url = "https://files.pythonhosted.org/packages/b0/77/a5b8c569bf593b0140bde72ea885a803b82086995367bf2037de0159d924/pygments-2.19.2.tar.gz", hash = "sha256:636cb2477cec7f8952536970bc533bc43743542f70392ae026374600add5b887", size = 4968631, upload-time = "2025-06-21T13:39:12.283Z" }
wheels = [
    { url = "https://files.pythonhosted.org/packages/c7/21/705964c7812476f378728bdf590ca4b771ec72385c533964653c68e86bdc/pygments-2.19.2-py3-none-any.whl", hash = "sha256:86540386c03d588bb81d44bc3928634ff26449851e99741617ecb9037ee5ec0b", size = 1225217, upload-time = "2025-06-21T13:39:07.939Z" },
]

[[package]]
name = "pytest"
version = "9.0.2"
source = { registry = "https://pypi.org/simple" }
dependencies = [
    { name = "colorama", marker = "sys_platform == 'win32'" },
    { name = "iniconfig" },
    { name = "packaging" },
    { name = "pluggy" },
    { name = "pygments" },
]
sdist = { url = "https://files.pythonhosted.org/packages/d1/db/7ef3487e0fb0049ddb5ce41d3a49c235bf9ad299b6a25d5780a89f19230f/pytest-9.0.2.tar.gz", hash = "sha256:75186651a92bd89611d1d9fc20f0b4345fd827c41ccd5c299a868a05d70edf11", size = 1568901, upload-time = "2025-12-06T21:30:51.014Z" }
wheels = [
    { url = "https://files.pythonhosted.org/packages/3b/ab/b3226f0bd7cdcf710fbede2b3548584366da3b19b5021e74f5bde2a8fa3f/pytest-9.0.2-py3-none-any.whl", hash = "sha256:711ffd45bf766d5264d487b917733b453d917afd2b0ad65223959f59089f875b", size = 374801, upload-time = "2025-12-06T21:30:49.154Z" },
]

[[package]]
name = "python-lsp-jsonrpc"
version = "1.1.2"
source = { registry = "https://pypi.org/simple" }
dependencies = [
    { name = "ujson" },
]
sdist = { url = "https://files.pythonhosted.org/packages/48/b6/fd92e2ea4635d88966bb42c20198df1a981340f07843b5e3c6694ba3557b/python-lsp-jsonrpc-1.1.2.tar.gz", hash = "sha256:4688e453eef55cd952bff762c705cedefa12055c0aec17a06f595bcc002cc912", size = 15298, upload-time = "2023-09-23T17:48:30.451Z" }
wheels = [
    { url = "https://files.pythonhosted.org/packages/cb/d9/656659d5b5d5f402b2b174cd0ba9bc827e07ce3c0bf88da65424baf64af8/python_lsp_jsonrpc-1.1.2-py3-none-any.whl", hash = "sha256:7339c2e9630ae98903fdaea1ace8c47fba0484983794d6aafd0bd8989be2b03c", size = 8805, upload-time = "2023-09-23T17:48:28.804Z" },
]

[[package]]
name = "python-lsp-server"
version = "1.14.0"
source = { registry = "https://pypi.org/simple" }
dependencies = [
    { name = "black" },
    { name = "docstring-to-markdown" },
    { name = "jedi" },
    { name = "pluggy" },
    { name = "python-lsp-jsonrpc" },
    { name = "ujson" },
]
sdist = { url = "https://files.pythonhosted.org/packages/b4/b5/b989d41c63390dfc2bf63275ab543b82fed076723d912055e77ccbae1422/python_lsp_server-1.14.0.tar.gz", hash = "sha256:509c445fc667f41ffd3191cb7512a497bf7dd76c14ceb1ee2f6c13ebe71f9a6b", size = 121536, upload-time = "2025-12-06T16:12:20.86Z" }
wheels = [
    { url = "https://files.pythonhosted.org/packages/08/cf/587f913335e3855e0ddca2aee7c3f9d5de2d75a1e23434891e9f74783bcd/python_lsp_server-1.14.0-py3-none-any.whl", hash = "sha256:a71a917464effc48f4c70363f90b8520e5e3ba8201428da80b97a7ceb259e32a", size = 77060, upload-time = "2025-12-06T16:12:19.46Z" },
]

[[package]]
name = "pytokens"
version = "0.4.1"
source = { registry = "https://pypi.org/simple" }
sdist = { url = "https://files.pythonhosted.org/packages/b6/34/b4e015b99031667a7b960f888889c5bd34ef585c85e1cb56a594b92836ac/pytokens-0.4.1.tar.gz", hash = "sha256:292052fe80923aae2260c073f822ceba21f3872ced9a68bb7953b348e561179a", size = 23015, upload-time = "2026-01-30T01:03:45.924Z" }
wheels = [
    { url = "https://files.pythonhosted.org/packages/8f/a7/b470f672e6fc5fee0a01d9e75005a0e617e162381974213a945fcd274843/pytokens-0.4.1-cp314-cp314-macosx_11_0_arm64.whl", hash = "sha256:4a14d5f5fc78ce85e426aa159489e2d5961acf0e47575e08f35584009178e321", size = 160821, upload-time = "2026-01-30T01:03:19.684Z" },
    { url = "https://files.pythonhosted.org/packages/80/98/e83a36fe8d170c911f864bfded690d2542bfcfacb9c649d11a9e6eb9dc41/pytokens-0.4.1-cp314-cp314-manylinux2014_aarch64.manylinux_2_17_aarch64.manylinux_2_28_aarch64.whl", hash = "sha256:97f50fd18543be72da51dd505e2ed20d2228c74e0464e4262e4899797803d7fa", size = 254263, upload-time = "2026-01-30T01:03:20.834Z" },
    { url = "https://files.pythonhosted.org/packages/0f/95/70d7041273890f9f97a24234c00b746e8da86df462620194cef1d411ddeb/pytokens-0.4.1-cp314-cp314-manylinux2014_x86_64.manylinux_2_17_x86_64.manylinux_2_28_x86_64.whl", hash = "sha256:dc74c035f9bfca0255c1af77ddd2d6ae8419012805453e4b0e7513e17904545d", size = 268071, upload-time = "2026-01-30T01:03:21.888Z" },
    { url = "https://files.pythonhosted.org/packages/da/79/76e6d09ae19c99404656d7db9c35dfd20f2086f3eb6ecb496b5b31163bad/pytokens-0.4.1-cp314-cp314-musllinux_1_2_x86_64.whl", hash = "sha256:f66a6bbe741bd431f6d741e617e0f39ec7257ca1f89089593479347cc4d13324", size = 271716, upload-time = "2026-01-30T01:03:23.633Z" },
    { url = "https://files.pythonhosted.org/packages/79/37/482e55fa1602e0a7ff012661d8c946bafdc05e480ea5a32f4f7e336d4aa9/pytokens-0.4.1-cp314-cp314-win_amd64.whl", hash = "sha256:b35d7e5ad269804f6697727702da3c517bb8a5228afa450ab0fa787732055fc9", size = 104539, upload-time = "2026-01-30T01:03:24.788Z" },
    { url = "https://files.pythonhosted.org/packages/30/e8/20e7db907c23f3d63b0be3b8a4fd1927f6da2395f5bcc7f72242bb963dfe/pytokens-0.4.1-cp314-cp314t-macosx_11_0_arm64.whl", hash = "sha256:8fcb9ba3709ff77e77f1c7022ff11d13553f3c30299a9fe246a166903e9091eb", size = 168474, upload-time = "2026-01-30T01:03:26.428Z" },
    { url = "https://files.pythonhosted.org/packages/d6/81/88a95ee9fafdd8f5f3452107748fd04c24930d500b9aba9738f3ade642cc/pytokens-0.4.1-cp314-cp314t-manylinux2014_aarch64.manylinux_2_17_aarch64.manylinux_2_28_aarch64.whl", hash = "sha256:79fc6b8699564e1f9b521582c35435f1bd32dd06822322ec44afdeba666d8cb3", size = 290473, upload-time = "2026-01-30T01:03:27.415Z" },
    { url = "https://files.pythonhosted.org/packages/cf/35/3aa899645e29b6375b4aed9f8d21df219e7c958c4c186b465e42ee0a06bf/pytokens-0.4.1-cp314-cp314t-manylinux2014_x86_64.manylinux_2_17_x86_64.manylinux_2_28_x86_64.whl", hash = "sha256:d31b97b3de0f61571a124a00ffe9a81fb9939146c122c11060725bd5aea79975", size = 303485, upload-time = "2026-01-30T01:03:28.558Z" },
    { url = "https://files.pythonhosted.org/packages/52/a0/07907b6ff512674d9b201859f7d212298c44933633c946703a20c25e9d81/pytokens-0.4.1-cp314-cp314t-musllinux_1_2_x86_64.whl", hash = "sha256:967cf6e3fd4adf7de8fc73cd3043754ae79c36475c1c11d514fc72cf5490094a", size = 306698, upload-time = "2026-01-30T01:03:29.653Z" },
    { url = "https://files.pythonhosted.org/packages/39/2a/cbbf9250020a4a8dd53ba83a46c097b69e5eb49dd14e708f496f548c6612/pytokens-0.4.1-cp314-cp314t-win_amd64.whl", hash = "sha256:584c80c24b078eec1e227079d56dc22ff755e0ba8654d8383b2c549107528918", size = 116287, upload-time = "2026-01-30T01:03:30.912Z" },
    { url = "https://files.pythonhosted.org/packages/c6/78/397db326746f0a342855b81216ae1f0a32965deccfd7c830a2dbc66d2483/pytokens-0.4.1-py3-none-any.whl", hash = "sha256:26cef14744a8385f35d0e095dc8b3a7583f6c953c2e3d269c7f82484bf5ad2de", size = 13729, upload-time = "2026-01-30T01:03:45.029Z" },
]

[[package]]
name = "ruff"
version = "0.15.7"
source = { registry = "https://pypi.org/simple" }
sdist = { url = "https://files.pythonhosted.org/packages/a1/22/9e4f66ee588588dc6c9af6a994e12d26e19efbe874d1a909d09a6dac7a59/ruff-0.15.7.tar.gz", hash = "sha256:04f1ae61fc20fe0b148617c324d9d009b5f63412c0b16474f3d5f1a1a665f7ac", size = 4601277, upload-time = "2026-03-19T16:26:22.605Z" }
wheels = [
    { url = "https://files.pythonhosted.org/packages/41/2f/0b08ced94412af091807b6119ca03755d651d3d93a242682bf020189db94/ruff-0.15.7-py3-none-linux_armv6l.whl", hash = "sha256:a81cc5b6910fb7dfc7c32d20652e50fa05963f6e13ead3c5915c41ac5d16668e", size = 10489037, upload-time = "2026-03-19T16:26:32.47Z" },
    { url = "https://files.pythonhosted.org/packages/91/4a/82e0fa632e5c8b1eba5ee86ecd929e8ff327bbdbfb3c6ac5d81631bef605/ruff-0.15.7-py3-none-macosx_10_12_x86_64.whl", hash = "sha256:722d165bd52403f3bdabc0ce9e41fc47070ac56d7a91b4e0d097b516a53a3477", size = 10955433, upload-time = "2026-03-19T16:27:00.205Z" },
    { url = "https://files.pythonhosted.org/packages/ab/10/12586735d0ff42526ad78c049bf51d7428618c8b5c467e72508c694119df/ruff-0.15.7-py3-none-macosx_11_0_arm64.whl", hash = "sha256:7fbc2448094262552146cbe1b9643a92f66559d3761f1ad0656d4991491af49e", size = 10269302, upload-time = "2026-03-19T16:26:26.183Z" },
    { url = "https://files.pythonhosted.org/packages/eb/5d/32b5c44ccf149a26623671df49cbfbd0a0ae511ff3df9d9d2426966a8d57/ruff-0.15.7-py3-none-manylinux_2_17_aarch64.manylinux2014_aarch64.whl", hash = "sha256:6b39329b60eba44156d138275323cc726bbfbddcec3063da57caa8a8b1d50adf", size = 10607625, upload-time = "2026-03-19T16:27:03.263Z" },
    { url = "https://files.pythonhosted.org/packages/5d/f1/f0001cabe86173aaacb6eb9bb734aa0605f9a6aa6fa7d43cb49cbc4af9c9/ruff-0.15.7-py3-none-manylinux_2_17_armv7l.manylinux2014_armv7l.whl", hash = "sha256:87768c151808505f2bfc93ae44e5f9e7c8518943e5074f76ac21558ef5627c85", size = 10324743, upload-time = "2026-03-19T16:27:09.791Z" },
    { url = "https://files.pythonhosted.org/packages/7a/87/b8a8f3d56b8d848008559e7c9d8bf367934d5367f6d932ba779456e2f73b/ruff-0.15.7-py3-none-manylinux_2_17_i686.manylinux2014_i686.whl", hash = "sha256:fb0511670002c6c529ec66c0e30641c976c8963de26a113f3a30456b702468b0", size = 11138536, upload-time = "2026-03-19T16:27:06.101Z" },
    { url = "https://files.pythonhosted.org/packages/e4/f2/4fd0d05aab0c5934b2e1464784f85ba2eab9d54bffc53fb5430d1ed8b829/ruff-0.15.7-py3-none-manylinux_2_17_ppc64le.manylinux2014_ppc64le.whl", hash = "sha256:e0d19644f801849229db8345180a71bee5407b429dd217f853ec515e968a6912", size = 11994292, upload-time = "2026-03-19T16:26:48.718Z" },
    { url = "https://files.pythonhosted.org/packages/64/22/fc4483871e767e5e95d1622ad83dad5ebb830f762ed0420fde7dfa9d9b08/ruff-0.15.7-py3-none-manylinux_2_17_s390x.manylinux2014_s390x.whl", hash = "sha256:4806d8e09ef5e84eb19ba833d0442f7e300b23fe3f0981cae159a248a10f0036", size = 11398981, upload-time = "2026-03-19T16:26:54.513Z" },
    { url = "https://files.pythonhosted.org/packages/b0/99/66f0343176d5eab02c3f7fcd2de7a8e0dd7a41f0d982bee56cd1c24db62b/ruff-0.15.7-py3-none-manylinux_2_17_x86_64.manylinux2014_x86_64.whl", hash = "sha256:dce0896488562f09a27b9c91b1f58a097457143931f3c4d519690dea54e624c5", size = 11242422, upload-time = "2026-03-19T16:26:29.277Z" },
    { url = "https://files.pythonhosted.org/packages/5d/3a/a7060f145bfdcce4c987ea27788b30c60e2c81d6e9a65157ca8afe646328/ruff-0.15.7-py3-none-manylinux_2_31_riscv64.whl", hash = "sha256:1852ce241d2bc89e5dc823e03cff4ce73d816b5c6cdadd27dbfe7b03217d2a12", size = 11232158, upload-time = "2026-03-19T16:26:42.321Z" },
    { url = "https://files.pythonhosted.org/packages/a7/53/90fbb9e08b29c048c403558d3cdd0adf2668b02ce9d50602452e187cd4af/ruff-0.15.7-py3-none-musllinux_1_2_aarch64.whl", hash = "sha256:5f3e4b221fb4bd293f79912fc5e93a9063ebd6d0dcbd528f91b89172a9b8436c", size = 10577861, upload-time = "2026-03-19T16:26:57.459Z" },
    { url = "https://files.pythonhosted.org/packages/2f/aa/5f486226538fe4d0f0439e2da1716e1acf895e2a232b26f2459c55f8ddad/ruff-0.15.7-py3-none-musllinux_1_2_armv7l.whl", hash = "sha256:b15e48602c9c1d9bdc504b472e90b90c97dc7d46c7028011ae67f3861ceba7b4", size = 10327310, upload-time = "2026-03-19T16:26:35.909Z" },
    { url = "https://files.pythonhosted.org/packages/99/9e/271afdffb81fe7bfc8c43ba079e9d96238f674380099457a74ccb3863857/ruff-0.15.7-py3-none-musllinux_1_2_i686.whl", hash = "sha256:1b4705e0e85cedc74b0a23cf6a179dbb3df184cb227761979cc76c0440b5ab0d", size = 10840752, upload-time = "2026-03-19T16:26:45.723Z" },
    { url = "https://files.pythonhosted.org/packages/bf/29/a4ae78394f76c7759953c47884eb44de271b03a66634148d9f7d11e721bd/ruff-0.15.7-py3-none-musllinux_1_2_x86_64.whl", hash = "sha256:112c1fa316a558bb34319282c1200a8bf0495f1b735aeb78bfcb2991e6087580", size = 11336961, upload-time = "2026-03-19T16:26:39.076Z" },
    { url = "https://files.pythonhosted.org/packages/26/6b/8786ba5736562220d588a2f6653e6c17e90c59ced34a2d7b512ef8956103/ruff-0.15.7-py3-none-win32.whl", hash = "sha256:6d39e2d3505b082323352f733599f28169d12e891f7dd407f2d4f54b4c2886de", size = 10582538, upload-time = "2026-03-19T16:26:15.992Z" },
    { url = "https://files.pythonhosted.org/packages/2b/e9/346d4d3fffc6871125e877dae8d9a1966b254fbd92a50f8561078b88b099/ruff-0.15.7-py3-none-win_amd64.whl", hash = "sha256:4d53d712ddebcd7dace1bc395367aec12c057aacfe9adbb6d832302575f4d3a1", size = 11755839, upload-time = "2026-03-19T16:26:19.897Z" },
    { url = "https://files.pythonhosted.org/packages/8f/e8/726643a3ea68c727da31570bde48c7a10f1aa60eddd628d94078fec586ff/ruff-0.15.7-py3-none-win_arm64.whl", hash = "sha256:18e8d73f1c3fdf27931497972250340f92e8c861722161a9caeb89a58ead6ed2", size = 11023304, upload-time = "2026-03-19T16:26:51.669Z" },
]

[[package]]
name = "ty"
version = "0.0.24"
source = { registry = "https://pypi.org/simple" }
sdist = { url = "https://files.pythonhosted.org/packages/7a/96/652a425030f95dc2c9548d9019e52502e17079e1daeefbc4036f1c0905b4/ty-0.0.24.tar.gz", hash = "sha256:9fe42f6b98207bdaef51f71487d6d087f2cb02555ee3939884d779b2b3cc8bfc", size = 5354286, upload-time = "2026-03-19T16:55:57.035Z" }
wheels = [
    { url = "https://files.pythonhosted.org/packages/da/e5/34457ee11708e734ba81ad65723af83030e484f961e281d57d1eecf08951/ty-0.0.24-py3-none-linux_armv6l.whl", hash = "sha256:1ab4f1f61334d533a3fdf5d9772b51b1300ac5da4f3cdb0be9657a3ccb2ce3e7", size = 10394877, upload-time = "2026-03-19T16:55:54.246Z" },
    { url = "https://files.pythonhosted.org/packages/44/81/bc9a1b1a87f43db15ab64ad781a4f999734ec3b470ad042624fa875b20e6/ty-0.0.24-py3-none-macosx_10_12_x86_64.whl", hash = "sha256:facbf2c4aaa6985229e08f8f9bf152215eb078212f22b5c2411f35386688ab42", size = 10211109, upload-time = "2026-03-19T16:55:28.554Z" },
    { url = "https://files.pythonhosted.org/packages/e4/63/cfc805adeaa61d63ba3ea71127efa7d97c40ba36d97ee7bd957341d05107/ty-0.0.24-py3-none-macosx_11_0_arm64.whl", hash = "sha256:b6d2a3b6d4470c483552a31e9b368c86f154dcc964bccb5406159dc9cd362246", size = 9694769, upload-time = "2026-03-19T16:55:34.309Z" },
    { url = "https://files.pythonhosted.org/packages/33/09/edc220726b6ec44a58900401f6b27140997ef15026b791e26b69a6e69eb5/ty-0.0.24-py3-none-manylinux_2_17_aarch64.manylinux2014_aarch64.whl", hash = "sha256:0c94c25d0500939fd5f8f16ce41cbed5b20528702c1d649bf80300253813f0a2", size = 10176287, upload-time = "2026-03-19T16:55:37.17Z" },
    { url = "https://files.pythonhosted.org/packages/f8/bf/cbe2227be711e65017655d8ee4d050f4c92b113fb4dc4c3bd6a19d3a86d8/ty-0.0.24-py3-none-manylinux_2_17_armv7l.manylinux2014_armv7l.whl", hash = "sha256:89cbe7bc7df0fab02dbd8cda79b737df83f1ef7fb573b08c0ee043dc68cffb08", size = 10214832, upload-time = "2026-03-19T16:56:08.518Z" },
    { url = "https://files.pythonhosted.org/packages/af/1d/d15803ee47e9143d10e10bd81ccc14761d08758082bda402950685f0ddfe/ty-0.0.24-py3-none-manylinux_2_17_i686.manylinux2014_i686.whl", hash = "sha256:db2c5d269bcc9b764850c99f457b5018a79b3ef40ecfbc03344e65effd6cf743", size = 10709892, upload-time = "2026-03-19T16:56:05.727Z" },
    { url = "https://files.pythonhosted.org/packages/36/12/6db0d86c477147f67b9052de209421d76c3e855197b000c25fcbbe86b3a2/ty-0.0.24-py3-none-manylinux_2_17_ppc64le.manylinux2014_ppc64le.whl", hash = "sha256:ba44512db5b97c3bbd59d93e11296e8548d0c9a3bdd1280de36d7ff22d351896", size = 11280872, upload-time = "2026-03-19T16:56:02.899Z" },
    { url = "https://files.pythonhosted.org/packages/1b/fc/155fe83a97c06d33ccc9e0f428258b32df2e08a428300c715d34757f0111/ty-0.0.24-py3-none-manylinux_2_17_s390x.manylinux2014_s390x.whl", hash = "sha256:a52b7f589c3205512a9c50ba5b2b1e8c0698b72e51b8b9285c90420c06f1cae8", size = 11060520, upload-time = "2026-03-19T16:55:59.956Z" },
    { url = "https://files.pythonhosted.org/packages/ac/f1/32c05a1c4c3c2a95c5b7361dee03a9bf1231d4ad096b161c838b45bce5a0/ty-0.0.24-py3-none-manylinux_2_17_x86_64.manylinux2014_x86_64.whl", hash = "sha256:7981df5c709c054da4ac5d7c93f8feb8f45e69e829e4461df4d5f0988fe67d04", size = 10791455, upload-time = "2026-03-19T16:55:25.728Z" },
    { url = "https://files.pythonhosted.org/packages/17/2c/53c1ea6bedfa4d4ab64d4de262d8f5e405ecbffefd364459c628c0310d33/ty-0.0.24-py3-none-musllinux_1_2_aarch64.whl", hash = "sha256:b2860151ad95a00d0f0280b8fef79900d08dcd63276b57e6e5774f2c055979c5", size = 10156708, upload-time = "2026-03-19T16:55:45.563Z" },
    { url = "https://files.pythonhosted.org/packages/45/39/7d2919cf194707169474d80720a5f3d793e983416f25e7ffcf80504c9df2/ty-0.0.24-py3-none-musllinux_1_2_armv7l.whl", hash = "sha256:5674a1146d927ab77ff198a88e0c4505134ced342a0e7d1beb4a076a728b7496", size = 10236263, upload-time = "2026-03-19T16:55:31.474Z" },
    { url = "https://files.pythonhosted.org/packages/cf/7f/48eac722f2fd12a5b7aae0effdcb75c46053f94b783d989e3ef0d7380082/ty-0.0.24-py3-none-musllinux_1_2_i686.whl", hash = "sha256:438ecbf1608a9b16dd84502f3f1b23ef2ef32bbd0ab3e0ca5a82f0e0d1cd41ea", size = 10402559, upload-time = "2026-03-19T16:55:39.602Z" },
    { url = "https://files.pythonhosted.org/packages/75/e0/8cf868b9749ce1e5166462759545964e95b02353243594062b927d8bff2a/ty-0.0.24-py3-none-musllinux_1_2_x86_64.whl", hash = "sha256:ddeed3098dd92a83964e7aa7b41e509ba3530eb539fc4cd8322ff64a09daf1f5", size = 10893684, upload-time = "2026-03-19T16:55:51.439Z" },
    { url = "https://files.pythonhosted.org/packages/17/9f/f54bf3be01d2c2ed731d10a5afa3324dc66f987a6ae0a4a6cbfa2323d080/ty-0.0.24-py3-none-win32.whl", hash = "sha256:83013fb3a4764a8f8bcc6ca11ff8bdfd8c5f719fc249241cb2b8916e80778eb1", size = 9781542, upload-time = "2026-03-19T16:56:11.588Z" },
    { url = "https://files.pythonhosted.org/packages/fb/49/c004c5cc258b10b3a145666e9a9c28ae7678bc958c8926e8078d5d769081/ty-0.0.24-py3-none-win_amd64.whl", hash = "sha256:748a60eb6912d1cf27aaab105ffadb6f4d2e458a3fcadfbd3cf26db0d8062eeb", size = 10764801, upload-time = "2026-03-19T16:55:42.752Z" },
    { url = "https://files.pythonhosted.org/packages/e2/59/006a074e185bfccf5e4c026015245ab4fcd2362b13a8d24cf37a277909a9/ty-0.0.24-py3-none-win_arm64.whl", hash = "sha256:280a3d31e86d0721947238f17030c33f0911cae851d108ea9f4e3ab12a5ed01f", size = 10194093, upload-time = "2026-03-19T16:55:48.303Z" },
]

[[package]]
name = "typing-extensions"
version = "4.15.0"
source = { registry = "https://pypi.org/simple" }
sdist = { url = "https://files.pythonhosted.org/packages/72/94/1a15dd82efb362ac84269196e94cf00f187f7ed21c242792a923cdb1c61f/typing_extensions-4.15.0.tar.gz", hash = "sha256:0cea48d173cc12fa28ecabc3b837ea3cf6f38c6d1136f85cbaaf598984861466", size = 109391, upload-time = "2025-08-25T13:49:26.313Z" }
wheels = [
    { url = "https://files.pythonhosted.org/packages/18/67/36e9267722cc04a6b9f15c7f3441c2363321a3ea07da7ae0c0707beb2a9c/typing_extensions-4.15.0-py3-none-any.whl", hash = "sha256:f0fa19c6845758ab08074a0cfa8b7aecb71c999ca73d62883bc25cc018c4e548", size = 44614, upload-time = "2025-08-25T13:49:24.86Z" },
]

[[package]]
name = "ujson"
version = "5.12.0"
source = { registry = "https://pypi.org/simple" }
sdist = { url = "https://files.pythonhosted.org/packages/cb/3e/c35530c5ffc25b71c59ae0cd7b8f99df37313daa162ce1e2f7925f7c2877/ujson-5.12.0.tar.gz", hash = "sha256:14b2e1eb528d77bc0f4c5bd1a7ebc05e02b5b41beefb7e8567c9675b8b13bcf4", size = 7158451, upload-time = "2026-03-11T22:19:30.397Z" }
wheels = [
    { url = "https://files.pythonhosted.org/packages/10/bd/9a8d693254bada62bfea75a507e014afcfdb6b9d047b6f8dd134bfefaf67/ujson-5.12.0-cp314-cp314-macosx_10_15_x86_64.whl", hash = "sha256:85833bca01aa5cae326ac759276dc175c5fa3f7b3733b7d543cf27f2df12d1ef", size = 56499, upload-time = "2026-03-11T22:18:45.431Z" },
    { url = "https://files.pythonhosted.org/packages/bd/2d/285a83df8176e18dcd675d1a4cff8f7620f003f30903ea43929406e98986/ujson-5.12.0-cp314-cp314-macosx_11_0_arm64.whl", hash = "sha256:d22cad98c2a10bbf6aa083a8980db6ed90d4285a841c4de892890c2b28286ef9", size = 53998, upload-time = "2026-03-11T22:18:47.184Z" },
    { url = "https://files.pythonhosted.org/packages/bf/8b/e2f09e16dabfa91f6a84555df34a4329fa7621e92ed054d170b9054b9bb2/ujson-5.12.0-cp314-cp314-manylinux_2_24_aarch64.manylinux_2_28_aarch64.whl", hash = "sha256:99cc80facad240b0c2fb5a633044420878aac87a8e7c348b9486450cba93f27c", size = 57783, upload-time = "2026-03-11T22:18:48.271Z" },
    { url = "https://files.pythonhosted.org/packages/68/fb/ba1d06f3658a0c36d0ab3869ec3914f202bad0a9bde92654e41516c7bb13/ujson-5.12.0-cp314-cp314-manylinux_2_24_i686.manylinux_2_28_i686.whl", hash = "sha256:d1831c07bd4dce53c4b666fa846c7eba4b7c414f2e641a4585b7f50b72f502dc", size = 60011, upload-time = "2026-03-11T22:18:49.284Z" },
    { url = "https://files.pythonhosted.org/packages/64/2b/3e322bf82d926d9857206cd5820438d78392d1f523dacecb8bd899952f73/ujson-5.12.0-cp314-cp314-manylinux_2_24_x86_64.manylinux_2_28_x86_64.whl", hash = "sha256:0e00cec383eab2406c9e006bd4edb55d284e94bb943fda558326048178d26961", size = 57465, upload-time = "2026-03-11T22:18:50.584Z" },
    { url = "https://files.pythonhosted.org/packages/e9/fd/af72d69603f9885e5136509a529a4f6d88bf652b457263ff96aefcd3ab7d/ujson-5.12.0-cp314-cp314-musllinux_1_2_aarch64.whl", hash = "sha256:f19b3af31d02a2e79c5f9a6deaab0fb3c116456aeb9277d11720ad433de6dfc6", size = 1037275, upload-time = "2026-03-11T22:18:51.998Z" },
    { url = "https://files.pythonhosted.org/packages/9c/a7/a2411ec81aef7872578e56304c3e41b3a544a9809e95c8e1df46923fc40b/ujson-5.12.0-cp314-cp314-musllinux_1_2_i686.whl", hash = "sha256:bacbd3c69862478cbe1c7ed4325caedec580d8acf31b8ee1b9a1e02a56295cad", size = 1196758, upload-time = "2026-03-11T22:18:53.548Z" },
    { url = "https://files.pythonhosted.org/packages/ed/85/aa18ae175dd03a118555aa14304d4f466f9db61b924c97c6f84388ecacb1/ujson-5.12.0-cp314-cp314-musllinux_1_2_x86_64.whl", hash = "sha256:94c5f1621cbcab83c03be46441f090b68b9f307b6c7ec44d4e3f6d5997383df4", size = 1089760, upload-time = "2026-03-11T22:18:55.336Z" },
    { url = "https://files.pythonhosted.org/packages/d3/d4/4b40b67ac7e916ebffc3041ae2320c5c0b8a045300d4c542b6e50930cca5/ujson-5.12.0-cp314-cp314-win32.whl", hash = "sha256:e6369ac293d2cc40d52577e4fa3d75a70c1aae2d01fa3580a34a4e6eff9286b9", size = 41043, upload-time = "2026-03-11T22:18:56.505Z" },
    { url = "https://files.pythonhosted.org/packages/24/38/a1496d2a3428981f2b3a2ffbb4656c2b05be6cc406301d6b10a6445f6481/ujson-5.12.0-cp314-cp314-win_amd64.whl", hash = "sha256:31348a0ffbfc815ce78daac569d893349d85a0b57e1cd2cdbba50b7f333784da", size = 45303, upload-time = "2026-03-11T22:18:57.454Z" },
    { url = "https://files.pythonhosted.org/packages/85/d3/39dbd3159543d9c57ec3a82d36226152cf0d710784894ce5aa24b8220ac1/ujson-5.12.0-cp314-cp314-win_arm64.whl", hash = "sha256:6879aed770557f0961b252648d36f6fdaab41079d37a2296b5649fd1b35608e0", size = 39860, upload-time = "2026-03-11T22:18:58.578Z" },
    { url = "https://files.pythonhosted.org/packages/c3/71/9b4dacb177d3509077e50497222d39eec04c8b41edb1471efc764d645237/ujson-5.12.0-cp314-cp314t-macosx_10_15_x86_64.whl", hash = "sha256:7ddb08b3c2f9213df1f2e3eb2fbea4963d80ec0f8de21f0b59898e34f3b3d96d", size = 56845, upload-time = "2026-03-11T22:18:59.629Z" },
    { url = "https://files.pythonhosted.org/packages/24/c2/8abffa3be1f3d605c4a62445fab232b3e7681512ce941c6b23014f404d36/ujson-5.12.0-cp314-cp314t-macosx_11_0_arm64.whl", hash = "sha256:0a3ae28f0b209be5af50b54ca3e2123a3de3a57d87b75f1e5aa3d7961e041983", size = 54463, upload-time = "2026-03-11T22:19:00.697Z" },
    { url = "https://files.pythonhosted.org/packages/db/2e/60114a35d1d6796eb428f7affcba00a921831ff604a37d9142c3d8bbe5c5/ujson-5.12.0-cp314-cp314t-manylinux_2_24_aarch64.manylinux_2_28_aarch64.whl", hash = "sha256:d30ad4359413c8821cc7b3707f7ca38aa8bc852ba3b9c5a759ee2d7740157315", size = 58689, upload-time = "2026-03-11T22:19:01.739Z" },
    { url = "https://files.pythonhosted.org/packages/c8/ad/010925c2116c21ce119f9c2ff18d01f48a19ade3ff4c5795da03ce5829fc/ujson-5.12.0-cp314-cp314t-manylinux_2_24_i686.manylinux_2_28_i686.whl", hash = "sha256:02f93da7a4115e24f886b04fd56df1ee8741c2ce4ea491b7ab3152f744ad8f8e", size = 60618, upload-time = "2026-03-11T22:19:03.101Z" },
    { url = "https://files.pythonhosted.org/packages/9b/74/db7f638bf20282b1dccf454386cbd483faaaed3cdbb9cb27e06f74bb109e/ujson-5.12.0-cp314-cp314t-manylinux_2_24_x86_64.manylinux_2_28_x86_64.whl", hash = "sha256:3ff4ede90ed771140caa7e1890de17431763a483c54b3c1f88bd30f0cc1affc0", size = 58151, upload-time = "2026-03-11T22:19:04.175Z" },
    { url = "https://files.pythonhosted.org/packages/9c/7e/3ebaecfa70a2e8ce623db8e21bd5cb05d42a5ef943bcbb3309d71b5de68d/ujson-5.12.0-cp314-cp314t-musllinux_1_2_aarch64.whl", hash = "sha256:a7bf9cc97f05048ac8f3e02cd58f0fe62b901453c24345bfde287f4305dcc31c", size = 1038117, upload-time = "2026-03-11T22:19:05.558Z" },
    { url = "https://files.pythonhosted.org/packages/2e/aa/e073eda7f0036c2973b28db7bb99faba17a932e7b52d801f9bb3e726271f/ujson-5.12.0-cp314-cp314t-musllinux_1_2_i686.whl", hash = "sha256:2324d9a0502317ffc35d38e153c1b2fa9610ae03775c9d0f8d0cca7b8572b04e", size = 1197434, upload-time = "2026-03-11T22:19:06.92Z" },
    { url = "https://files.pythonhosted.org/packages/1c/01/b9a13f058fdd50c746b192c4447ca8d6352e696dcda912ccee10f032ff85/ujson-5.12.0-cp314-cp314t-musllinux_1_2_x86_64.whl", hash = "sha256:50524f4f6a1c839714dbaff5386a1afb245d2d5ec8213a01fbc99cea7307811e", size = 1090401, upload-time = "2026-03-11T22:19:08.383Z" },
    { url = "https://files.pythonhosted.org/packages/c4/37/3d1b4e0076b6e43379600b5229a5993db8a759ff2e1830ea635d876f6644/ujson-5.12.0-cp314-cp314t-win32.whl", hash = "sha256:f7a0430d765f9bda043e6aefaba5944d5f21ec43ff4774417d7e296f61917382", size = 41880, upload-time = "2026-03-11T22:19:09.671Z" },
    { url = "https://files.pythonhosted.org/packages/b1/c5/3c2a262a138b9f0014fe1134a6b5fdc2c54245030affbaac2fcbc0632138/ujson-5.12.0-cp314-cp314t-win_amd64.whl", hash = "sha256:ccbfd94e59aad4a2566c71912b55f0547ac1680bfac25eb138e6703eb3dd434e", size = 46365, upload-time = "2026-03-11T22:19:10.662Z" },
    { url = "https://files.pythonhosted.org/packages/83/40/956dc20b7e00dc0ff3259871864f18dab211837fce3478778bedb3132ac1/ujson-5.12.0-cp314-cp314t-win_arm64.whl", hash = "sha256:42d875388fbd091c7ea01edfff260f839ba303038ffb23475ef392012e4d63dd", size = 40398, upload-time = "2026-03-11T22:19:11.666Z" },
]

[[package]]
name = "zipp"
version = "3.23.0"
source = { registry = "https://pypi.org/simple" }
sdist = { url = "https://files.pythonhosted.org/packages/e3/02/0f2892c661036d50ede074e376733dca2ae7c6eb617489437771209d4180/zipp-3.23.0.tar.gz", hash = "sha256:a07157588a12518c9d4034df3fbbee09c814741a33ff63c05fa29d26a2404166", size = 25547, upload-time = "2025-06-08T17:06:39.4Z" }
wheels = [
    { url = "https://files.pythonhosted.org/packages/2e/54/647ade08bf0db230bfea292f893923872fd20be6ac6f53b2b936ba839d75/zipp-3.23.0-py3-none-any.whl", hash = "sha256:071652d6115ed432f5ce1d34c336c0adfd6a884660d1e9712a256d3d3bd4b14e", size = 10276, upload-time = "2025-06-08T17:06:38.034Z" },
]
